
Microsoft Visual Studio Solution File, Format Version 12.00
# Visual Studio Version 17
Project("{8BC9CEB8-8B4A-11D0-8D11-00A0C91BC942}") = "ALL_BUILD", "ALL_BUILD.vcxproj", "{376865CD-A487-3C6A-AD77-F3C4A0FFD2F0}"
	ProjectSection(ProjectDependencies) = postProject
		{F9425244-2553-379B-AACE-4A191E53F4F0} = {F9425244-2553-379B-AACE-4A191E53F4F0}
		{A0BE817B-D1E2-31C8-90D0-30BCCDCBE715} = {A0BE817B-D1E2-31C8-90D0-30BCCDCBE715}
	EndProjectSection
EndProject
Project("{8BC9CEB8-8B4A-11D0-8D11-00A0C91BC942}") = "25_shared_lion_lib", "25_shared_lion_lib.vcxproj", "{F9425244-2553-379B-AACE-4A191E53F4F0}"
	ProjectSection(ProjectDependencies) = postProject
		{A0BE817B-D1E2-31C8-90D0-30BCCDCBE715} = {A0BE817B-D1E2-31C8-90D0-30BCCDCBE715}
	EndProjectSection
EndProject
Project("{8BC9CEB8-8B4A-11D0-8D11-00A0C91BC942}") = "ZERO_CHECK", "ZERO_CHECK.vcxproj", "{A0BE817B-D1E2-31C8-90D0-30BCCDCBE715}"
	ProjectSection(ProjectDependencies) = postProject
	EndProjectSection
EndProject
Global
	GlobalSection(SolutionConfigurationPlatforms) = preSolution
		Debug|x64 = Debug|x64
		Release|x64 = Release|x64
		MinSizeRel|x64 = MinSizeRel|x64
		RelWithDebInfo|x64 = RelWithDebInfo|x64
	EndGlobalSection
	GlobalSection(ProjectConfigurationPlatforms) = postSolution
		{376865CD-A487-3C6A-AD77-F3C4A0FFD2F0}.Debug|x64.ActiveCfg = Debug|x64
		{376865CD-A487-3C6A-AD77-F3C4A0FFD2F0}.Release|x64.ActiveCfg = Release|x64
		{376865CD-A487-3C6A-AD77-F3C4A0FFD2F0}.MinSizeRel|x64.ActiveCfg = MinSizeRel|x64
		{376865CD-A487-3C6A-AD77-F3C4A0FFD2F0}.RelWithDebInfo|x64.ActiveCfg = RelWithDebInfo|x64
		{F9425244-2553-379B-AACE-4A191E53F4F0}.Debug|x64.ActiveCfg = Debug|x64
		{F9425244-2553-379B-AACE-4A191E53F4F0}.Debug|x64.Build.0 = Debug|x64
		{F9425244-2553-379B-AACE-4A191E53F4F0}.Release|x64.ActiveCfg = Release|x64
		{F9425244-2553-379B-AACE-4A191E53F4F0}.Release|x64.Build.0 = Release|x64
		{F9425244-2553-379B-AACE-4A191E53F4F0}.MinSizeRel|x64.ActiveCfg = MinSizeRel|x64
		{F9425244-2553-379B-AACE-4A191E53F4F0}.MinSizeRel|x64.Build.0 = MinSizeRel|x64
		{F9425244-2553-379B-AACE-4A191E53F4F0}.RelWithDebInfo|x64.ActiveCfg = RelWithDebInfo|x64
		{F9425244-2553-379B-AACE-4A191E53F4F0}.RelWithDebInfo|x64.Build.0 = RelWithDebInfo|x64
		{A0BE817B-D1E2-31C8-90D0-30BCCDCBE715}.Debug|x64.ActiveCfg = Debug|x64
		{A0BE817B-D1E2-31C8-90D0-30BCCDCBE715}.Debug|x64.Build.0 = Debug|x64
		{A0BE817B-D1E2-31C8-90D0-30BCCDCBE715}.Release|x64.ActiveCfg = Release|x64
		{A0BE817B-D1E2-31C8-90D0-30BCCDCBE715}.Release|x64.Build.0 = Release|x64
		{A0BE817B-D1E2-31C8-90D0-30BCCDCBE715}.MinSizeRel|x64.ActiveCfg = MinSizeRel|x64
		{A0BE817B-D1E2-31C8-90D0-30BCCDCBE715}.MinSizeRel|x64.Build.0 = MinSizeRel|x64
		{A0BE817B-D1E2-31C8-90D0-30BCCDCBE715}.RelWithDebInfo|x64.ActiveCfg = RelWithDebInfo|x64
		{A0BE817B-D1E2-31C8-90D0-30BCCDCBE715}.RelWithDebInfo|x64.Build.0 = RelWithDebInfo|x64
	EndGlobalSection
	GlobalSection(ExtensibilityGlobals) = postSolution
		SolutionGuid = {8D4CF31E-4ED8-3D76-A4D5-279B285ADC8A}
	EndGlobalSection
	GlobalSection(ExtensibilityAddIns) = postSolution
	EndGlobalSection
EndGlobal
